<?xml version="1.0" encoding="utf-8"?>
<Project ToolsVersion="4.0" xmlns="http://schemas.microsoft.com/developer/msbuild/2003">
  <ItemGroup>
    <Filter Include="Source Files">
      <UniqueIdentifier>{f835c1eb-2d41-455c-82fc-a04cb96d379e}</UniqueIdentifier>
    </Filter>
    <Filter Include="Generated Files">
      <UniqueIdentifier>{46e86e30-1829-4845-99b5-50bcd29d5046}</UniqueIdentifier>
      <SourceControlFiles>False</SourceControlFiles>
    </Filter>
  </ItemGroup>
  <ItemGroup>
    <None Include="Interop101Part3_ATLps.def" />
  </ItemGroup>
  <ItemGroup>
    <ClCompile Include="Interop101Part3_ATL_i.c">
      <Filter>Generated Files</Filter>
    </ClCompile>
    <ClCompile Include="Interop101Part3_ATL_p.c">
      <Filter>Generated Files</Filter>
    </ClCompile>
    <ClCompile Include="dlldata.c">
      <Filter>Generated Files</Filter>
    </ClCompile>
  </ItemGroup>
</Project>